
Microsoft Visual Studio Solution File, Format Version 12.00
# Visual Studio Version 16
VisualStudioVersion = 16.0.30011.22
MinimumVisualStudioVersion = 10.0.40219.1
Project("{FAE04EC0-301F-11D3-BF4B-00C04F79EFBC}") = "MathQuiz", "MathQuiz\MathQuiz.csproj", "{F94129FF-FC80-45BF-8575-F285678A456D}"
EndProject
Global
	GlobalSection(SolutionConfigurationPlatforms) = preSolution
		Debug|Any CPU = Debug|Any CPU
		Release|Any CPU = Release|Any CPU
	EndGlobalSection
	GlobalSection(ProjectConfigurationPlatforms) = postSolution
		{F94129FF-FC80-45BF-8575-F285678A456D}.Debug|Any CPU.ActiveCfg = Debug|Any CPU
		{F94129FF-FC80-45BF-8575-F285678A456D}.Debug|Any CPU.Build.0 = Debug|Any CPU
		{F94129FF-FC80-45BF-8575-F285678A456D}.Release|Any CPU.ActiveCfg = Release|Any CPU
		{F94129FF-FC80-45BF-8575-F285678A456D}.Release|Any CPU.Build.0 = Release|Any CPU
	EndGlobalSection
	GlobalSection(SolutionProperties) = preSolution
		HideSolutionNode = FALSE
	EndGlobalSection
	GlobalSection(ExtensibilityGlobals) = postSolution
		SolutionGuid = {F4033D67-2C64-4592-A961-0AD4E97D9F64}
	EndGlobalSection
EndGlobal
